
Microsoft Visual Studio Solution File, Format Version 12.00
# Visual Studio 15
VisualStudioVersion = 15.0.27130.2036
MinimumVisualStudioVersion = 10.0.40219.1
Project("{8BC9CEB8-8B4A-11D0-8D11-00A0C91BC942}") = "Hello world", "Hello world\Hello world.vcxproj", "{BC8A6B9A-DE02-4DA7-98C1-3A9AEED9A45A}"
EndProject
Global
	GlobalSection(SolutionConfigurationPlatforms) = preSolution
		Debug|x64 = Debug|x64
		Debug|x86 = Debug|x86
		Release|x64 = Release|x64
		Release|x86 = Release|x86
	EndGlobalSection
	GlobalSection(ProjectConfigurationPlatforms) = postSolution
		{BC8A6B9A-DE02-4DA7-98C1-3A9AEED9A45A}.Debug|x64.ActiveCfg = Debug|x64
		{BC8A6B9A-DE02-4DA7-98C1-3A9AEED9A45A}.Debug|x64.Build.0 = Debug|x64
		{BC8A6B9A-DE02-4DA7-98C1-3A9AEED9A45A}.Debug|x86.ActiveCfg = Debug|Win32
		{BC8A6B9A-DE02-4DA7-98C1-3A9AEED9A45A}.Debug|x86.Build.0 = Debug|Win32
		{BC8A6B9A-DE02-4DA7-98C1-3A9AEED9A45A}.Release|x64.ActiveCfg = Release|x64
		{BC8A6B9A-DE02-4DA7-98C1-3A9AEED9A45A}.Release|x64.Build.0 = Release|x64
		{BC8A6B9A-DE02-4DA7-98C1-3A9AEED9A45A}.Release|x86.ActiveCfg = Release|Win32
		{BC8A6B9A-DE02-4DA7-98C1-3A9AEED9A45A}.Release|x86.Build.0 = Release|Win32
	EndGlobalSection
	GlobalSection(SolutionProperties) = preSolution
		HideSolutionNode = FALSE
	EndGlobalSection
	GlobalSection(ExtensibilityGlobals) = postSolution
		SolutionGuid = {AEF4B668-EAF1-4F77-BCE9-950BE9C319FA}
	EndGlobalSection
EndGlobal
